
Microsoft Visual Studio Solution File, Format Version 12.00
# Visual Studio Version 17
VisualStudioVersion = 17.0.32014.148
MinimumVisualStudioVersion = 10.0.40219.1
Project("{9A19103F-16F7-4668-BE54-9A1E7A4F7556}") = "Pokedex.Api", "src\Pokedex.Api\Pokedex.Api.csproj", "{5E148081-60C3-4C92-95EE-A2F0DC6C8BFE}"
EndProject
Project("{FAE04EC0-301F-11D3-BF4B-00C04F79EFBC}") = "Pokedex.Api.Domain", "src\Pokedex.Api.Domain\Pokedex.Api.Domain.csproj", "{17809316-BB30-4220-986D-000A77A17E79}"
EndProject
Project("{FAE04EC0-301F-11D3-BF4B-00C04F79EFBC}") = "Pokedex.Api.Tests", "src\Pokedex.Api.Tests\Pokedex.Api.Tests.csproj", "{06E62C7A-E118-4AE6-B78C-76184799DCDE}"
EndProject
Global
	GlobalSection(SolutionConfigurationPlatforms) = preSolution
		Debug|Any CPU = Debug|Any CPU
		Release|Any CPU = Release|Any CPU
	EndGlobalSection
	GlobalSection(ProjectConfigurationPlatforms) = postSolution
		{5E148081-60C3-4C92-95EE-A2F0DC6C8BFE}.Debug|Any CPU.ActiveCfg = Debug|Any CPU
		{5E148081-60C3-4C92-95EE-A2F0DC6C8BFE}.Debug|Any CPU.Build.0 = Debug|Any CPU
		{5E148081-60C3-4C92-95EE-A2F0DC6C8BFE}.Release|Any CPU.ActiveCfg = Release|Any CPU
		{5E148081-60C3-4C92-95EE-A2F0DC6C8BFE}.Release|Any CPU.Build.0 = Release|Any CPU
		{17809316-BB30-4220-986D-000A77A17E79}.Debug|Any CPU.ActiveCfg = Debug|Any CPU
		{17809316-BB30-4220-986D-000A77A17E79}.Debug|Any CPU.Build.0 = Debug|Any CPU
		{17809316-BB30-4220-986D-000A77A17E79}.Release|Any CPU.ActiveCfg = Release|Any CPU
		{17809316-BB30-4220-986D-000A77A17E79}.Release|Any CPU.Build.0 = Release|Any CPU
		{06E62C7A-E118-4AE6-B78C-76184799DCDE}.Debug|Any CPU.ActiveCfg = Debug|Any CPU
		{06E62C7A-E118-4AE6-B78C-76184799DCDE}.Debug|Any CPU.Build.0 = Debug|Any CPU
		{06E62C7A-E118-4AE6-B78C-76184799DCDE}.Release|Any CPU.ActiveCfg = Release|Any CPU
		{06E62C7A-E118-4AE6-B78C-76184799DCDE}.Release|Any CPU.Build.0 = Release|Any CPU
	EndGlobalSection
	GlobalSection(SolutionProperties) = preSolution
		HideSolutionNode = FALSE
	EndGlobalSection
	GlobalSection(ExtensibilityGlobals) = postSolution
		SolutionGuid = {4268B75C-D2A0-4D7F-B4AD-B597CE618F96}
	EndGlobalSection
EndGlobal
